
Microsoft Visual Studio Solution File, Format Version 12.00
# Visual Studio Version 16
VisualStudioVersion = 16.0.31729.503
MinimumVisualStudioVersion = 10.0.40219.1
Project("{FAE04EC0-301F-11D3-BF4B-00C04F79EFBC}") = "Atividade_AED_10_11_2021_IS_BS_SS_String", "Atividade_AED_10_11_2021_IS_BS_SS_String.csproj", "{81C74172-A299-4A79-BE5E-FC8E5506A6F6}"
EndProject
Global
	GlobalSection(SolutionConfigurationPlatforms) = preSolution
		Debug|Any CPU = Debug|Any CPU
		Release|Any CPU = Release|Any CPU
	EndGlobalSection
	GlobalSection(ProjectConfigurationPlatforms) = postSolution
		{81C74172-A299-4A79-BE5E-FC8E5506A6F6}.Debug|Any CPU.ActiveCfg = Debug|Any CPU
		{81C74172-A299-4A79-BE5E-FC8E5506A6F6}.Debug|Any CPU.Build.0 = Debug|Any CPU
		{81C74172-A299-4A79-BE5E-FC8E5506A6F6}.Release|Any CPU.ActiveCfg = Release|Any CPU
		{81C74172-A299-4A79-BE5E-FC8E5506A6F6}.Release|Any CPU.Build.0 = Release|Any CPU
	EndGlobalSection
	GlobalSection(SolutionProperties) = preSolution
		HideSolutionNode = FALSE
	EndGlobalSection
	GlobalSection(ExtensibilityGlobals) = postSolution
		SolutionGuid = {B993EE22-F134-41AA-9D66-7993A0B26E39}
	EndGlobalSection
EndGlobal
