
Microsoft Visual Studio Solution File, Format Version 12.00
# Visual Studio Version 16
VisualStudioVersion = 16.0.31729.503
MinimumVisualStudioVersion = 10.0.40219.1
Project("{FAE04EC0-301F-11D3-BF4B-00C04F79EFBC}") = "Atividade_AED_27_10_2021", "Atividade_AED_27_10_2021.csproj", "{DC5E7F55-EBA3-47A2-8C5E-185F041BB903}"
EndProject
Global
	GlobalSection(SolutionConfigurationPlatforms) = preSolution
		Debug|Any CPU = Debug|Any CPU
		Release|Any CPU = Release|Any CPU
	EndGlobalSection
	GlobalSection(ProjectConfigurationPlatforms) = postSolution
		{DC5E7F55-EBA3-47A2-8C5E-185F041BB903}.Debug|Any CPU.ActiveCfg = Debug|Any CPU
		{DC5E7F55-EBA3-47A2-8C5E-185F041BB903}.Debug|Any CPU.Build.0 = Debug|Any CPU
		{DC5E7F55-EBA3-47A2-8C5E-185F041BB903}.Release|Any CPU.ActiveCfg = Release|Any CPU
		{DC5E7F55-EBA3-47A2-8C5E-185F041BB903}.Release|Any CPU.Build.0 = Release|Any CPU
	EndGlobalSection
	GlobalSection(SolutionProperties) = preSolution
		HideSolutionNode = FALSE
	EndGlobalSection
	GlobalSection(ExtensibilityGlobals) = postSolution
		SolutionGuid = {2B44A6A3-3D28-46EC-AAD5-3772797FE0CC}
	EndGlobalSection
EndGlobal
