
Microsoft Visual Studio Solution File, Format Version 12.00
# Visual Studio Version 16
VisualStudioVersion = 16.0.31624.102
MinimumVisualStudioVersion = 10.0.40219.1
Project("{FAE04EC0-301F-11D3-BF4B-00C04F79EFBC}") = "ATIVIDADE BANCO POO", "ATIVIDADE BANCO POO.csproj", "{3EA58D7A-1810-48D9-8DA8-807AD97F30FF}"
EndProject
Global
	GlobalSection(SolutionConfigurationPlatforms) = preSolution
		Debug|Any CPU = Debug|Any CPU
		Release|Any CPU = Release|Any CPU
	EndGlobalSection
	GlobalSection(ProjectConfigurationPlatforms) = postSolution
		{3EA58D7A-1810-48D9-8DA8-807AD97F30FF}.Debug|Any CPU.ActiveCfg = Debug|Any CPU
		{3EA58D7A-1810-48D9-8DA8-807AD97F30FF}.Debug|Any CPU.Build.0 = Debug|Any CPU
		{3EA58D7A-1810-48D9-8DA8-807AD97F30FF}.Release|Any CPU.ActiveCfg = Release|Any CPU
		{3EA58D7A-1810-48D9-8DA8-807AD97F30FF}.Release|Any CPU.Build.0 = Release|Any CPU
	EndGlobalSection
	GlobalSection(SolutionProperties) = preSolution
		HideSolutionNode = FALSE
	EndGlobalSection
	GlobalSection(ExtensibilityGlobals) = postSolution
		SolutionGuid = {26591F13-3233-4934-A298-53F3AB476381}
	EndGlobalSection
EndGlobal
